
Microsoft Visual Studio Solution File, Format Version 12.00
# Visual Studio Version 17
VisualStudioVersion = 17.4.33213.308
MinimumVisualStudioVersion = 10.0.40219.1
Project("{FAE04EC0-301F-11D3-BF4B-00C04F79EFBC}") = "onedotone", "onedotone\onedotone.csproj", "{2FC17A2A-AB8E-4141-B72A-2D0FDD4C29FB}"
EndProject
Global
	GlobalSection(SolutionConfigurationPlatforms) = preSolution
		Debug|Any CPU = Debug|Any CPU
		Release|Any CPU = Release|Any CPU
	EndGlobalSection
	GlobalSection(ProjectConfigurationPlatforms) = postSolution
		{2FC17A2A-AB8E-4141-B72A-2D0FDD4C29FB}.Debug|Any CPU.ActiveCfg = Debug|Any CPU
		{2FC17A2A-AB8E-4141-B72A-2D0FDD4C29FB}.Debug|Any CPU.Build.0 = Debug|Any CPU
		{2FC17A2A-AB8E-4141-B72A-2D0FDD4C29FB}.Release|Any CPU.ActiveCfg = Release|Any CPU
		{2FC17A2A-AB8E-4141-B72A-2D0FDD4C29FB}.Release|Any CPU.Build.0 = Release|Any CPU
	EndGlobalSection
	GlobalSection(SolutionProperties) = preSolution
		HideSolutionNode = FALSE
	EndGlobalSection
	GlobalSection(ExtensibilityGlobals) = postSolution
		SolutionGuid = {EF57588C-B0D7-4FC4-921A-79B169CD3667}
	EndGlobalSection
EndGlobal
